
Microsoft Visual Studio Solution File, Format Version 12.00
# Visual Studio 15
VisualStudioVersion = 15.0.28010.2050
MinimumVisualStudioVersion = 10.0.40219.1
Project("{FAE04EC0-301F-11D3-BF4B-00C04F79EFBC}") = "CS691final", "CS691final\CS691final.csproj", "{66B34B13-07FF-4C72-9D8E-25AC4C01225E}"
EndProject
Global
	GlobalSection(SolutionConfigurationPlatforms) = preSolution
		Debug|Any CPU = Debug|Any CPU
		Release|Any CPU = Release|Any CPU
	EndGlobalSection
	GlobalSection(ProjectConfigurationPlatforms) = postSolution
		{66B34B13-07FF-4C72-9D8E-25AC4C01225E}.Debug|Any CPU.ActiveCfg = Debug|Any CPU
		{66B34B13-07FF-4C72-9D8E-25AC4C01225E}.Debug|Any CPU.Build.0 = Debug|Any CPU
		{66B34B13-07FF-4C72-9D8E-25AC4C01225E}.Release|Any CPU.ActiveCfg = Release|Any CPU
		{66B34B13-07FF-4C72-9D8E-25AC4C01225E}.Release|Any CPU.Build.0 = Release|Any CPU
	EndGlobalSection
	GlobalSection(SolutionProperties) = preSolution
		HideSolutionNode = FALSE
	EndGlobalSection
	GlobalSection(ExtensibilityGlobals) = postSolution
		SolutionGuid = {8AC39449-0366-4BC8-812C-439C72474AD0}
	EndGlobalSection
EndGlobal
